
Microsoft Visual Studio Solution File, Format Version 12.00
# Visual Studio Version 16
VisualStudioVersion = 16.0.31402.337
MinimumVisualStudioVersion = 10.0.40219.1
Project("{FAE04EC0-301F-11D3-BF4B-00C04F79EFBC}") = "01-introducao-ao-csharp-com-selenium", "01-introducao-ao-csharp-com-selenium\01-introducao-ao-csharp-com-selenium.csproj", "{D7AFFCB2-4EED-4CE4-8903-F0766212C70B}"
EndProject
Project("{FAE04EC0-301F-11D3-BF4B-00C04F79EFBC}") = "02-abrindo-web-browser", "02-abrindo-web-browser\02-abrindo-web-browser.csproj", "{1D8C3BB3-5E3B-4AD4-A24A-9C83260CBE74}"
EndProject
Project("{FAE04EC0-301F-11D3-BF4B-00C04F79EFBC}") = "03-estruturando-codigo-fonte", "03-estruturando-codigo-fonte\03-estruturando-codigo-fonte.csproj", "{C1DEABBE-962E-43D0-83B1-E2468BBECF8F}"
EndProject
Global
	GlobalSection(SolutionConfigurationPlatforms) = preSolution
		Debug|Any CPU = Debug|Any CPU
		Release|Any CPU = Release|Any CPU
	EndGlobalSection
	GlobalSection(ProjectConfigurationPlatforms) = postSolution
		{D7AFFCB2-4EED-4CE4-8903-F0766212C70B}.Debug|Any CPU.ActiveCfg = Debug|Any CPU
		{D7AFFCB2-4EED-4CE4-8903-F0766212C70B}.Debug|Any CPU.Build.0 = Debug|Any CPU
		{D7AFFCB2-4EED-4CE4-8903-F0766212C70B}.Release|Any CPU.ActiveCfg = Release|Any CPU
		{D7AFFCB2-4EED-4CE4-8903-F0766212C70B}.Release|Any CPU.Build.0 = Release|Any CPU
		{1D8C3BB3-5E3B-4AD4-A24A-9C83260CBE74}.Debug|Any CPU.ActiveCfg = Debug|Any CPU
		{1D8C3BB3-5E3B-4AD4-A24A-9C83260CBE74}.Debug|Any CPU.Build.0 = Debug|Any CPU
		{1D8C3BB3-5E3B-4AD4-A24A-9C83260CBE74}.Release|Any CPU.ActiveCfg = Release|Any CPU
		{1D8C3BB3-5E3B-4AD4-A24A-9C83260CBE74}.Release|Any CPU.Build.0 = Release|Any CPU
		{C1DEABBE-962E-43D0-83B1-E2468BBECF8F}.Debug|Any CPU.ActiveCfg = Debug|Any CPU
		{C1DEABBE-962E-43D0-83B1-E2468BBECF8F}.Debug|Any CPU.Build.0 = Debug|Any CPU
		{C1DEABBE-962E-43D0-83B1-E2468BBECF8F}.Release|Any CPU.ActiveCfg = Release|Any CPU
		{C1DEABBE-962E-43D0-83B1-E2468BBECF8F}.Release|Any CPU.Build.0 = Release|Any CPU
	EndGlobalSection
	GlobalSection(SolutionProperties) = preSolution
		HideSolutionNode = FALSE
	EndGlobalSection
	GlobalSection(ExtensibilityGlobals) = postSolution
		SolutionGuid = {55771D59-860D-480D-8326-5A74AFDD081B}
	EndGlobalSection
EndGlobal
