
Microsoft Visual Studio Solution File, Format Version 12.00
# Visual Studio Version 16
VisualStudioVersion = 16.0.31402.337
MinimumVisualStudioVersion = 10.0.40219.1
Project("{FAE04EC0-301F-11D3-BF4B-00C04F79EFBC}") = "01-introducao-ao-csharp-com-selenium", "01-introducao-ao-csharp-com-selenium\01-introducao-ao-csharp-com-selenium.csproj", "{D7AFFCB2-4EED-4CE4-8903-F0766212C70B}"
EndProject
Global
	GlobalSection(SolutionConfigurationPlatforms) = preSolution
		Debug|Any CPU = Debug|Any CPU
		Release|Any CPU = Release|Any CPU
	EndGlobalSection
	GlobalSection(ProjectConfigurationPlatforms) = postSolution
		{D7AFFCB2-4EED-4CE4-8903-F0766212C70B}.Debug|Any CPU.ActiveCfg = Debug|Any CPU
		{D7AFFCB2-4EED-4CE4-8903-F0766212C70B}.Debug|Any CPU.Build.0 = Debug|Any CPU
		{D7AFFCB2-4EED-4CE4-8903-F0766212C70B}.Release|Any CPU.ActiveCfg = Release|Any CPU
		{D7AFFCB2-4EED-4CE4-8903-F0766212C70B}.Release|Any CPU.Build.0 = Release|Any CPU
	EndGlobalSection
	GlobalSection(SolutionProperties) = preSolution
		HideSolutionNode = FALSE
	EndGlobalSection
	GlobalSection(ExtensibilityGlobals) = postSolution
		SolutionGuid = {55771D59-860D-480D-8326-5A74AFDD081B}
	EndGlobalSection
EndGlobal
